
Microsoft Visual Studio Solution File, Format Version 12.00
# Visual Studio 15
VisualStudioVersion = 15.0.28010.2019
MinimumVisualStudioVersion = 10.0.40219.1
Project("{FAE04EC0-301F-11D3-BF4B-00C04F79EFBC}") = "WebParser.UI", "WebParserSolution\WebParser.UI.csproj", "{D6009E2F-4DAA-46AE-819A-8B520C1D730F}"
EndProject
Project("{FAE04EC0-301F-11D3-BF4B-00C04F79EFBC}") = "WebParser.App", "WebParser.BLL\WebParser.App.csproj", "{9A431C7C-2ACE-4A3C-989B-2D483E292BB5}"
EndProject
Project("{FAE04EC0-301F-11D3-BF4B-00C04F79EFBC}") = "WebParser.Data", "WebParser.DAL\WebParser.Data.csproj", "{42F82AA7-DE25-4CBE-8F80-6D82478FF6C9}"
EndProject
Project("{2150E333-8FDC-42A3-9474-1A3956D46DE8}") = "Test", "Test", "{DC6FED35-9F91-405B-8041-64B59500CDFA}"
	ProjectSection(SolutionItems) = preProject
		..\..\..\Downloads\CefSharp.MinimalExample-master\CefSharp.MinimalExample-master\CefSharp.MinimalExample.Wpf\MainWindow.xaml = ..\..\..\Downloads\CefSharp.MinimalExample-master\CefSharp.MinimalExample-master\CefSharp.MinimalExample.Wpf\MainWindow.xaml
	EndProjectSection
EndProject
Project("{FAE04EC0-301F-11D3-BF4B-00C04F79EFBC}") = "WebParser.BLL.Test", "WebParser.BLL.Test\WebParser.BLL.Test.csproj", "{2DDEEAB9-ED42-44B2-B9FF-136F314CDFA1}"
EndProject
Project("{FAE04EC0-301F-11D3-BF4B-00C04F79EFBC}") = "WebParser.DAL.Test", "WebParser.DAL.Test\WebParser.DAL.Test.csproj", "{40730D08-D3BC-41C7-A99C-323432495F3D}"
EndProject
Project("{2150E333-8FDC-42A3-9474-1A3956D46DE8}") = "4_Infrastructure", "4_Infrastructure", "{CCC66562-F1F4-4F5A-808B-2D1C6B7FD4F3}"
	ProjectSection(SolutionItems) = preProject
		WebParser.Presentier\Ports\IControllerView.cs = WebParser.Presentier\Ports\IControllerView.cs
	EndProjectSection
EndProject
Project("{2150E333-8FDC-42A3-9474-1A3956D46DE8}") = "3_Adapters", "3_Adapters", "{CFA683EC-7DF6-4549-B3E4-C89DC25FF9A6}"
EndProject
Project("{2150E333-8FDC-42A3-9474-1A3956D46DE8}") = "1_Domain", "1_Domain", "{6762FD6E-C19F-41BA-AAFB-DE8DB7A48A8B}"
EndProject
Project("{2150E333-8FDC-42A3-9474-1A3956D46DE8}") = "2_Application", "2_Application", "{8DC30650-D674-4797-BF3E-09CDF17E2F8D}"
EndProject
Project("{FAE04EC0-301F-11D3-BF4B-00C04F79EFBC}") = "WebParser.Domain", "WebParser.Domain\WebParser.Domain.csproj", "{3F67EBA3-7DB6-48F8-A76C-584A8EEAD97D}"
EndProject
Project("{FAE04EC0-301F-11D3-BF4B-00C04F79EFBC}") = "WebParser.Presentier", "WebParser.Presentier\WebParser.Presentier.csproj", "{8D5CC542-8C1D-42D0-B4DE-33720642756B}"
EndProject
Global
	GlobalSection(SolutionConfigurationPlatforms) = preSolution
		Debug|x64 = Debug|x64
		Debug|x86 = Debug|x86
		Release|x64 = Release|x64
		Release|x86 = Release|x86
	EndGlobalSection
	GlobalSection(ProjectConfigurationPlatforms) = postSolution
		{D6009E2F-4DAA-46AE-819A-8B520C1D730F}.Debug|x64.ActiveCfg = Debug|x64
		{D6009E2F-4DAA-46AE-819A-8B520C1D730F}.Debug|x64.Build.0 = Debug|x64
		{D6009E2F-4DAA-46AE-819A-8B520C1D730F}.Debug|x86.ActiveCfg = Debug|x86
		{D6009E2F-4DAA-46AE-819A-8B520C1D730F}.Debug|x86.Build.0 = Debug|x86
		{D6009E2F-4DAA-46AE-819A-8B520C1D730F}.Release|x64.ActiveCfg = Release|x64
		{D6009E2F-4DAA-46AE-819A-8B520C1D730F}.Release|x64.Build.0 = Release|x64
		{D6009E2F-4DAA-46AE-819A-8B520C1D730F}.Release|x86.ActiveCfg = Release|x86
		{D6009E2F-4DAA-46AE-819A-8B520C1D730F}.Release|x86.Build.0 = Release|x86
		{9A431C7C-2ACE-4A3C-989B-2D483E292BB5}.Debug|x64.ActiveCfg = Debug|x64
		{9A431C7C-2ACE-4A3C-989B-2D483E292BB5}.Debug|x64.Build.0 = Debug|x64
		{9A431C7C-2ACE-4A3C-989B-2D483E292BB5}.Debug|x86.ActiveCfg = Debug|x86
		{9A431C7C-2ACE-4A3C-989B-2D483E292BB5}.Debug|x86.Build.0 = Debug|x86
		{9A431C7C-2ACE-4A3C-989B-2D483E292BB5}.Release|x64.ActiveCfg = Release|x64
		{9A431C7C-2ACE-4A3C-989B-2D483E292BB5}.Release|x64.Build.0 = Release|x64
		{9A431C7C-2ACE-4A3C-989B-2D483E292BB5}.Release|x86.ActiveCfg = Release|x86
		{9A431C7C-2ACE-4A3C-989B-2D483E292BB5}.Release|x86.Build.0 = Release|x86
		{42F82AA7-DE25-4CBE-8F80-6D82478FF6C9}.Debug|x64.ActiveCfg = Debug|x64
		{42F82AA7-DE25-4CBE-8F80-6D82478FF6C9}.Debug|x64.Build.0 = Debug|x64
		{42F82AA7-DE25-4CBE-8F80-6D82478FF6C9}.Debug|x86.ActiveCfg = Debug|x86
		{42F82AA7-DE25-4CBE-8F80-6D82478FF6C9}.Debug|x86.Build.0 = Debug|x86
		{42F82AA7-DE25-4CBE-8F80-6D82478FF6C9}.Release|x64.ActiveCfg = Release|x64
		{42F82AA7-DE25-4CBE-8F80-6D82478FF6C9}.Release|x64.Build.0 = Release|x64
		{42F82AA7-DE25-4CBE-8F80-6D82478FF6C9}.Release|x86.ActiveCfg = Release|x86
		{42F82AA7-DE25-4CBE-8F80-6D82478FF6C9}.Release|x86.Build.0 = Release|x86
		{2DDEEAB9-ED42-44B2-B9FF-136F314CDFA1}.Debug|x64.ActiveCfg = Debug|x64
		{2DDEEAB9-ED42-44B2-B9FF-136F314CDFA1}.Debug|x64.Build.0 = Debug|x64
		{2DDEEAB9-ED42-44B2-B9FF-136F314CDFA1}.Debug|x86.ActiveCfg = Debug|x86
		{2DDEEAB9-ED42-44B2-B9FF-136F314CDFA1}.Debug|x86.Build.0 = Debug|x86
		{2DDEEAB9-ED42-44B2-B9FF-136F314CDFA1}.Release|x64.ActiveCfg = Release|x64
		{2DDEEAB9-ED42-44B2-B9FF-136F314CDFA1}.Release|x64.Build.0 = Release|x64
		{2DDEEAB9-ED42-44B2-B9FF-136F314CDFA1}.Release|x86.ActiveCfg = Release|x86
		{2DDEEAB9-ED42-44B2-B9FF-136F314CDFA1}.Release|x86.Build.0 = Release|x86
		{40730D08-D3BC-41C7-A99C-323432495F3D}.Debug|x64.ActiveCfg = Debug|x64
		{40730D08-D3BC-41C7-A99C-323432495F3D}.Debug|x64.Build.0 = Debug|x64
		{40730D08-D3BC-41C7-A99C-323432495F3D}.Debug|x86.ActiveCfg = Debug|x86
		{40730D08-D3BC-41C7-A99C-323432495F3D}.Debug|x86.Build.0 = Debug|x86
		{40730D08-D3BC-41C7-A99C-323432495F3D}.Release|x64.ActiveCfg = Release|x64
		{40730D08-D3BC-41C7-A99C-323432495F3D}.Release|x64.Build.0 = Release|x64
		{40730D08-D3BC-41C7-A99C-323432495F3D}.Release|x86.ActiveCfg = Release|x86
		{40730D08-D3BC-41C7-A99C-323432495F3D}.Release|x86.Build.0 = Release|x86
		{3F67EBA3-7DB6-48F8-A76C-584A8EEAD97D}.Debug|x64.ActiveCfg = Debug|x64
		{3F67EBA3-7DB6-48F8-A76C-584A8EEAD97D}.Debug|x64.Build.0 = Debug|x64
		{3F67EBA3-7DB6-48F8-A76C-584A8EEAD97D}.Debug|x86.ActiveCfg = Debug|x86
		{3F67EBA3-7DB6-48F8-A76C-584A8EEAD97D}.Debug|x86.Build.0 = Debug|x86
		{3F67EBA3-7DB6-48F8-A76C-584A8EEAD97D}.Release|x64.ActiveCfg = Release|x64
		{3F67EBA3-7DB6-48F8-A76C-584A8EEAD97D}.Release|x64.Build.0 = Release|x64
		{3F67EBA3-7DB6-48F8-A76C-584A8EEAD97D}.Release|x86.ActiveCfg = Release|x86
		{3F67EBA3-7DB6-48F8-A76C-584A8EEAD97D}.Release|x86.Build.0 = Release|x86
		{8D5CC542-8C1D-42D0-B4DE-33720642756B}.Debug|x64.ActiveCfg = Debug|x64
		{8D5CC542-8C1D-42D0-B4DE-33720642756B}.Debug|x64.Build.0 = Debug|x64
		{8D5CC542-8C1D-42D0-B4DE-33720642756B}.Debug|x86.ActiveCfg = Debug|x86
		{8D5CC542-8C1D-42D0-B4DE-33720642756B}.Debug|x86.Build.0 = Debug|x86
		{8D5CC542-8C1D-42D0-B4DE-33720642756B}.Release|x64.ActiveCfg = Release|x64
		{8D5CC542-8C1D-42D0-B4DE-33720642756B}.Release|x64.Build.0 = Release|x64
		{8D5CC542-8C1D-42D0-B4DE-33720642756B}.Release|x86.ActiveCfg = Release|x86
		{8D5CC542-8C1D-42D0-B4DE-33720642756B}.Release|x86.Build.0 = Release|x86
	EndGlobalSection
	GlobalSection(SolutionProperties) = preSolution
		HideSolutionNode = FALSE
	EndGlobalSection
	GlobalSection(NestedProjects) = preSolution
		{D6009E2F-4DAA-46AE-819A-8B520C1D730F} = {CCC66562-F1F4-4F5A-808B-2D1C6B7FD4F3}
		{9A431C7C-2ACE-4A3C-989B-2D483E292BB5} = {8DC30650-D674-4797-BF3E-09CDF17E2F8D}
		{42F82AA7-DE25-4CBE-8F80-6D82478FF6C9} = {CFA683EC-7DF6-4549-B3E4-C89DC25FF9A6}
		{2DDEEAB9-ED42-44B2-B9FF-136F314CDFA1} = {DC6FED35-9F91-405B-8041-64B59500CDFA}
		{40730D08-D3BC-41C7-A99C-323432495F3D} = {DC6FED35-9F91-405B-8041-64B59500CDFA}
		{3F67EBA3-7DB6-48F8-A76C-584A8EEAD97D} = {6762FD6E-C19F-41BA-AAFB-DE8DB7A48A8B}
		{8D5CC542-8C1D-42D0-B4DE-33720642756B} = {CFA683EC-7DF6-4549-B3E4-C89DC25FF9A6}
	EndGlobalSection
	GlobalSection(ExtensibilityGlobals) = postSolution
		SolutionGuid = {722566F8-4A38-423B-A426-A61A23397A23}
	EndGlobalSection
EndGlobal
